// !$*UTF8*$!
{
	archiveVersion = 1;
	classes = {
	};
	objectVersion = 46;
	objects = {

/* Begin PBXBuildFile section */
		204249D91B4F19AE009B4ECA /* AppDelegate.swift in Sources */ = {isa = PBXBuildFile; fileRef = 204249D81B4F19AE009B4ECA /* AppDelegate.swift */; };
		204249E01B4F19AE009B4ECA /* Main.storyboard in Resources */ = {isa = PBXBuildFile; fileRef = 204249DE1B4F19AE009B4ECA /* Main.storyboard */; };
		204249E21B4F19AE009B4ECA /* Images.xcassets in Resources */ = {isa = PBXBuildFile; fileRef = 204249E11B4F19AE009B4ECA /* Images.xcassets */; };
		204249E51B4F19AE009B4ECA /* LaunchScreen.xib in Resources */ = {isa = PBXBuildFile; fileRef = 204249E31B4F19AE009B4ECA /* LaunchScreen.xib */; };
		204249F11B4F19AF009B4ECA /* SymphonicTests.swift in Sources */ = {isa = PBXBuildFile; fileRef = 204249F01B4F19AF009B4ECA /* SymphonicTests.swift */; };
		2432404C0F93D811AEC50EC6 /* disneyhall.jpg in Resources */ = {isa = PBXBuildFile; fileRef = 2432495A7921CE1C5A9B6A07 /* disneyhall.jpg */; };
		2432416F57B80936E7C3B15D /* madamebutterfly.jpg in Resources */ = {isa = PBXBuildFile; fileRef = 243244C3F8E761597BC1D153 /* madamebutterfly.jpg */; };
		2432428708CB08987C76A992 /* SearchShowsVC.swift in Sources */ = {isa = PBXBuildFile; fileRef = 243245D07B2A2DD67973456A /* SearchShowsVC.swift */; };
		243243A181C679AA91FBB17E /* venues.plist in Resources */ = {isa = PBXBuildFile; fileRef = 24324163F58C959836E49CD1 /* venues.plist */; };
		243243B031F7413BA7D3074E /* mobydick.jpg in Resources */ = {isa = PBXBuildFile; fileRef = 243241141F99A2F5E907D3E4 /* mobydick.jpg */; };
		2432449AE589D45113D608E2 /* HistoryVC.swift in Sources */ = {isa = PBXBuildFile; fileRef = 24324894EED1A3118CE084C6 /* HistoryVC.swift */; };
		243247D1A0697FA0839B5E97 /* Venue.swift in Sources */ = {isa = PBXBuildFile; fileRef = 24324F0EAAF5438773062C36 /* Venue.swift */; };
		243247D7B29530748AC501D6 /* Show.swift in Sources */ = {isa = PBXBuildFile; fileRef = 24324491293A060BEE87129A /* Show.swift */; };
		2432496E2D4B5FDFDC076975 /* norma.jpg in Resources */ = {isa = PBXBuildFile; fileRef = 243244D85B59A0C619BAE4E6 /* norma.jpg */; };
		243249E18B6EB1788BB5729E /* magicflute.jpg in Resources */ = {isa = PBXBuildFile; fileRef = 24324FBFDB77CC19EC74AFAB /* magicflute.jpg */; };
		24324C891417B79BB9D33521 /* laboheme.jpg in Resources */ = {isa = PBXBuildFile; fileRef = 243245F98C92375ADCC8704D /* laboheme.jpg */; };
		24324CD75E6361A1F0EC59FF /* pagliacci.jpg in Resources */ = {isa = PBXBuildFile; fileRef = 2432441D24644C2A51BFBC20 /* pagliacci.jpg */; };
		24324E077E86905D54D90F48 /* User.swift in Sources */ = {isa = PBXBuildFile; fileRef = 24324131D6A483C03E2E0E18 /* User.swift */; };
		24324FABC5C93C10B3E55560 /* shows.plist in Resources */ = {isa = PBXBuildFile; fileRef = 24324B50941A03DB1C637190 /* shows.plist */; };
/* End PBXBuildFile section */

/* Begin PBXContainerItemProxy section */
		204249EB1B4F19AF009B4ECA /* PBXContainerItemProxy */ = {
			isa = PBXContainerItemProxy;
			containerPortal = 204249CB1B4F19AE009B4ECA /* Project object */;
			proxyType = 1;
			remoteGlobalIDString = 204249D21B4F19AE009B4ECA;
			remoteInfo = Symphonic;
		};
/* End PBXContainerItemProxy section */

/* Begin PBXFileReference section */
		204249D31B4F19AE009B4ECA /* Symphonic.app */ = {isa = PBXFileReference; explicitFileType = wrapper.application; includeInIndex = 0; path = Symphonic.app; sourceTree = BUILT_PRODUCTS_DIR; };
		204249D71B4F19AE009B4ECA /* Info.plist */ = {isa = PBXFileReference; lastKnownFileType = text.plist.xml; path = Info.plist; sourceTree = "<group>"; };
		204249D81B4F19AE009B4ECA /* AppDelegate.swift */ = {isa = PBXFileReference; lastKnownFileType = sourcecode.swift; path = AppDelegate.swift; sourceTree = "<group>"; };
		204249DF1B4F19AE009B4ECA /* Base */ = {isa = PBXFileReference; lastKnownFileType = file.storyboard; name = Base; path = Base.lproj/Main.storyboard; sourceTree = "<group>"; };
		204249E11B4F19AE009B4ECA /* Images.xcassets */ = {isa = PBXFileReference; lastKnownFileType = folder.assetcatalog; path = Images.xcassets; sourceTree = "<group>"; };
		204249E41B4F19AE009B4ECA /* Base */ = {isa = PBXFileReference; lastKnownFileType = file.xib; name = Base; path = Base.lproj/LaunchScreen.xib; sourceTree = "<group>"; };
		204249EA1B4F19AF009B4ECA /* SymphonicTests.xctest */ = {isa = PBXFileReference; explicitFileType = wrapper.cfbundle; includeInIndex = 0; path = SymphonicTests.xctest; sourceTree = BUILT_PRODUCTS_DIR; };
		204249EF1B4F19AF009B4ECA /* Info.plist */ = {isa = PBXFileReference; lastKnownFileType = text.plist.xml; path = Info.plist; sourceTree = "<group>"; };
		204249F01B4F19AF009B4ECA /* SymphonicTests.swift */ = {isa = PBXFileReference; lastKnownFileType = sourcecode.swift; path = SymphonicTests.swift; sourceTree = "<group>"; };
		243241141F99A2F5E907D3E4 /* mobydick.jpg */ = {isa = PBXFileReference; lastKnownFileType = image.jpeg; path = mobydick.jpg; sourceTree = "<group>"; };
		24324131D6A483C03E2E0E18 /* User.swift */ = {isa = PBXFileReference; fileEncoding = 4; lastKnownFileType = sourcecode.swift; path = User.swift; sourceTree = "<group>"; };
		24324163F58C959836E49CD1 /* venues.plist */ = {isa = PBXFileReference; fileEncoding = 4; lastKnownFileType = text.plist; path = venues.plist; sourceTree = "<group>"; };
		2432441D24644C2A51BFBC20 /* pagliacci.jpg */ = {isa = PBXFileReference; lastKnownFileType = image.jpeg; path = pagliacci.jpg; sourceTree = "<group>"; };
		24324491293A060BEE87129A /* Show.swift */ = {isa = PBXFileReference; fileEncoding = 4; lastKnownFileType = sourcecode.swift; path = Show.swift; sourceTree = "<group>"; };
		243244C3F8E761597BC1D153 /* madamebutterfly.jpg */ = {isa = PBXFileReference; lastKnownFileType = image.jpeg; path = madamebutterfly.jpg; sourceTree = "<group>"; };
		243244D85B59A0C619BAE4E6 /* norma.jpg */ = {isa = PBXFileReference; lastKnownFileType = image.jpeg; path = norma.jpg; sourceTree = "<group>"; };
		243245D07B2A2DD67973456A /* SearchShowsVC.swift */ = {isa = PBXFileReference; fileEncoding = 4; lastKnownFileType = sourcecode.swift; path = SearchShowsVC.swift; sourceTree = "<group>"; };
		243245F98C92375ADCC8704D /* laboheme.jpg */ = {isa = PBXFileReference; lastKnownFileType = image.jpeg; path = laboheme.jpg; sourceTree = "<group>"; };
		24324894EED1A3118CE084C6 /* HistoryVC.swift */ = {isa = PBXFileReference; fileEncoding = 4; lastKnownFileType = sourcecode.swift; path = HistoryVC.swift; sourceTree = "<group>"; };
		2432495A7921CE1C5A9B6A07 /* disneyhall.jpg */ = {isa = PBXFileReference; lastKnownFileType = image.jpeg; path = disneyhall.jpg; sourceTree = "<group>"; };
		24324B50941A03DB1C637190 /* shows.plist */ = {isa = PBXFileReference; fileEncoding = 4; lastKnownFileType = text.plist; path = shows.plist; sourceTree = "<group>"; };
		24324F0EAAF5438773062C36 /* Venue.swift */ = {isa = PBXFileReference; fileEncoding = 4; lastKnownFileType = sourcecode.swift; path = Venue.swift; sourceTree = "<group>"; };
		24324FBFDB77CC19EC74AFAB /* magicflute.jpg */ = {isa = PBXFileReference; lastKnownFileType = image.jpeg; path = magicflute.jpg; sourceTree = "<group>"; };
/* End PBXFileReference section */

/* Begin PBXFrameworksBuildPhase section */
		204249D01B4F19AE009B4ECA /* Frameworks */ = {
			isa = PBXFrameworksBuildPhase;
			buildActionMask = 2147483647;
			files = (
			);
			runOnlyForDeploymentPostprocessing = 0;
		};
		204249E71B4F19AF009B4ECA /* Frameworks */ = {
			isa = PBXFrameworksBuildPhase;
			buildActionMask = 2147483647;
			files = (
			);
			runOnlyForDeploymentPostprocessing = 0;
		};
/* End PBXFrameworksBuildPhase section */

/* Begin PBXGroup section */
		204249CA1B4F19AE009B4ECA = {
			isa = PBXGroup;
			children = (
				204249D51B4F19AE009B4ECA /* Symphonic */,
				204249ED1B4F19AF009B4ECA /* SymphonicTests */,
				204249D41B4F19AE009B4ECA /* Products */,
			);
			sourceTree = "<group>";
		};
		204249D41B4F19AE009B4ECA /* Products */ = {
			isa = PBXGroup;
			children = (
				204249D31B4F19AE009B4ECA /* Symphonic.app */,
				204249EA1B4F19AF009B4ECA /* SymphonicTests.xctest */,
			);
			name = Products;
			sourceTree = "<group>";
		};
		204249D51B4F19AE009B4ECA /* Symphonic */ = {
			isa = PBXGroup;
			children = (
				204249D81B4F19AE009B4ECA /* AppDelegate.swift */,
				204249DE1B4F19AE009B4ECA /* Main.storyboard */,
				204249E11B4F19AE009B4ECA /* Images.xcassets */,
				204249E31B4F19AE009B4ECA /* LaunchScreen.xib */,
				204249D61B4F19AE009B4ECA /* Supporting Files */,
				2432407002C136E39863ABFF /* Model */,
				2432457C8BA01AC14161FD73 /* Controller */,
				24324CC9D64A713F5C554BAA /* View */,
				24324B612AE7E2E8834DDAA4 /* Resources */,
			);
			path = Symphonic;
			sourceTree = "<group>";
		};
		204249D61B4F19AE009B4ECA /* Supporting Files */ = {
			isa = PBXGroup;
			children = (
				204249D71B4F19AE009B4ECA /* Info.plist */,
			);
			name = "Supporting Files";
			sourceTree = "<group>";
		};
		204249ED1B4F19AF009B4ECA /* SymphonicTests */ = {
			isa = PBXGroup;
			children = (
				204249F01B4F19AF009B4ECA /* SymphonicTests.swift */,
				204249EE1B4F19AF009B4ECA /* Supporting Files */,
			);
			path = SymphonicTests;
			sourceTree = "<group>";
		};
		204249EE1B4F19AF009B4ECA /* Supporting Files */ = {
			isa = PBXGroup;
			children = (
				204249EF1B4F19AF009B4ECA /* Info.plist */,
			);
			name = "Supporting Files";
			sourceTree = "<group>";
		};
		2432407002C136E39863ABFF /* Model */ = {
			isa = PBXGroup;
			children = (
				24324491293A060BEE87129A /* Show.swift */,
				24324131D6A483C03E2E0E18 /* User.swift */,
				24324F0EAAF5438773062C36 /* Venue.swift */,
			);
			path = Model;
			sourceTree = "<group>";
		};
		2432457C8BA01AC14161FD73 /* Controller */ = {
			isa = PBXGroup;
			children = (
				243245D07B2A2DD67973456A /* SearchShowsVC.swift */,
				24324894EED1A3118CE084C6 /* HistoryVC.swift */,
			);
			path = Controller;
			sourceTree = "<group>";
		};
		24324A823C735E3A68A7EF40 /* Assets */ = {
			isa = PBXGroup;
			children = (
				243244D85B59A0C619BAE4E6 /* norma.jpg */,
				243245F98C92375ADCC8704D /* laboheme.jpg */,
				243241141F99A2F5E907D3E4 /* mobydick.jpg */,
				2432441D24644C2A51BFBC20 /* pagliacci.jpg */,
				2432495A7921CE1C5A9B6A07 /* disneyhall.jpg */,
				24324FBFDB77CC19EC74AFAB /* magicflute.jpg */,
				243244C3F8E761597BC1D153 /* madamebutterfly.jpg */,
			);
			path = Assets;
			sourceTree = "<group>";
		};
		24324B612AE7E2E8834DDAA4 /* Resources */ = {
			isa = PBXGroup;
			children = (
				24324A823C735E3A68A7EF40 /* Assets */,
				24324163F58C959836E49CD1 /* venues.plist */,
				24324B50941A03DB1C637190 /* shows.plist */,
			);
			path = Resources;
			sourceTree = "<group>";
		};
		24324CC9D64A713F5C554BAA /* View */ = {
			isa = PBXGroup;
			children = (
			);
			path = View;
			sourceTree = "<group>";
		};
/* End PBXGroup section */

/* Begin PBXNativeTarget section */
		204249D21B4F19AE009B4ECA /* Symphonic */ = {
			isa = PBXNativeTarget;
			buildConfigurationList = 204249F41B4F19AF009B4ECA /* Build configuration list for PBXNativeTarget "Symphonic" */;
			buildPhases = (
				204249CF1B4F19AE009B4ECA /* Sources */,
				204249D01B4F19AE009B4ECA /* Frameworks */,
				204249D11B4F19AE009B4ECA /* Resources */,
			);
			buildRules = (
			);
			dependencies = (
			);
			name = Symphonic;
			productName = Symphonic;
			productReference = 204249D31B4F19AE009B4ECA /* Symphonic.app */;
			productType = "com.apple.product-type.application";
		};
		204249E91B4F19AF009B4ECA /* SymphonicTests */ = {
			isa = PBXNativeTarget;
			buildConfigurationList = 204249F71B4F19AF009B4ECA /* Build configuration list for PBXNativeTarget "SymphonicTests" */;
			buildPhases = (
				204249E61B4F19AF009B4ECA /* Sources */,
				204249E71B4F19AF009B4ECA /* Frameworks */,
				204249E81B4F19AF009B4ECA /* Resources */,
			);
			buildRules = (
			);
			dependencies = (
				204249EC1B4F19AF009B4ECA /* PBXTargetDependency */,
			);
			name = SymphonicTests;
			productName = SymphonicTests;
			productReference = 204249EA1B4F19AF009B4ECA /* SymphonicTests.xctest */;
			productType = "com.apple.product-type.bundle.unit-test";
		};
/* End PBXNativeTarget section */

/* Begin PBXProject section */
		204249CB1B4F19AE009B4ECA /* Project object */ = {
			isa = PBXProject;
			attributes = {
				LastUpgradeCheck = 0640;
				ORGANIZATIONNAME = "Avocado Hills";
				TargetAttributes = {
					204249D21B4F19AE009B4ECA = {
						CreatedOnToolsVersion = 6.4;
					};
					204249E91B4F19AF009B4ECA = {
						CreatedOnToolsVersion = 6.4;
						TestTargetID = 204249D21B4F19AE009B4ECA;
					};
				};
			};
			buildConfigurationList = 204249CE1B4F19AE009B4ECA /* Build configuration list for PBXProject "Symphonic" */;
			compatibilityVersion = "Xcode 3.2";
			developmentRegion = English;
			hasScannedForEncodings = 0;
			knownRegions = (
				en,
				Base,
			);
			mainGroup = 204249CA1B4F19AE009B4ECA;
			productRefGroup = 204249D41B4F19AE009B4ECA /* Products */;
			projectDirPath = "";
			projectRoot = "";
			targets = (
				204249D21B4F19AE009B4ECA /* Symphonic */,
				204249E91B4F19AF009B4ECA /* SymphonicTests */,
			);
		};
/* End PBXProject section */

/* Begin PBXResourcesBuildPhase section */
		204249D11B4F19AE009B4ECA /* Resources */ = {
			isa = PBXResourcesBuildPhase;
			buildActionMask = 2147483647;
			files = (
				204249E01B4F19AE009B4ECA /* Main.storyboard in Resources */,
				204249E51B4F19AE009B4ECA /* LaunchScreen.xib in Resources */,
				204249E21B4F19AE009B4ECA /* Images.xcassets in Resources */,
				2432496E2D4B5FDFDC076975 /* norma.jpg in Resources */,
				24324C891417B79BB9D33521 /* laboheme.jpg in Resources */,
				243243B031F7413BA7D3074E /* mobydick.jpg in Resources */,
				24324CD75E6361A1F0EC59FF /* pagliacci.jpg in Resources */,
				2432404C0F93D811AEC50EC6 /* disneyhall.jpg in Resources */,
				243249E18B6EB1788BB5729E /* magicflute.jpg in Resources */,
				2432416F57B80936E7C3B15D /* madamebutterfly.jpg in Resources */,
				243243A181C679AA91FBB17E /* venues.plist in Resources */,
				24324FABC5C93C10B3E55560 /* shows.plist in Resources */,
			);
			runOnlyForDeploymentPostprocessing = 0;
		};
		204249E81B4F19AF009B4ECA /* Resources */ = {
			isa = PBXResourcesBuildPhase;
			buildActionMask = 2147483647;
			files = (
			);
			runOnlyForDeploymentPostprocessing = 0;
		};
/* End PBXResourcesBuildPhase section */

/* Begin PBXSourcesBuildPhase section */
		204249CF1B4F19AE009B4ECA /* Sources */ = {
			isa = PBXSourcesBuildPhase;
			buildActionMask = 2147483647;
			files = (
				204249D91B4F19AE009B4ECA /* AppDelegate.swift in Sources */,
				243247D7B29530748AC501D6 /* Show.swift in Sources */,
				24324E077E86905D54D90F48 /* User.swift in Sources */,
				243247D1A0697FA0839B5E97 /* Venue.swift in Sources */,
				2432428708CB08987C76A992 /* SearchShowsVC.swift in Sources */,
				2432449AE589D45113D608E2 /* HistoryVC.swift in Sources */,
			);
			runOnlyForDeploymentPostprocessing = 0;
		};
		204249E61B4F19AF009B4ECA /* Sources */ = {
			isa = PBXSourcesBuildPhase;
			buildActionMask = 2147483647;
			files = (
				204249F11B4F19AF009B4ECA /* SymphonicTests.swift in Sources */,
			);
			runOnlyForDeploymentPostprocessing = 0;
		};
/* End PBXSourcesBuildPhase section */

/* Begin PBXTargetDependency section */
		204249EC1B4F19AF009B4ECA /* PBXTargetDependency */ = {
			isa = PBXTargetDependency;
			target = 204249D21B4F19AE009B4ECA /* Symphonic */;
			targetProxy = 204249EB1B4F19AF009B4ECA /* PBXContainerItemProxy */;
		};
/* End PBXTargetDependency section */

/* Begin PBXVariantGroup section */
		204249DE1B4F19AE009B4ECA /* Main.storyboard */ = {
			isa = PBXVariantGroup;
			children = (
				204249DF1B4F19AE009B4ECA /* Base */,
			);
			name = Main.storyboard;
			sourceTree = "<group>";
		};
		204249E31B4F19AE009B4ECA /* LaunchScreen.xib */ = {
			isa = PBXVariantGroup;
			children = (
				204249E41B4F19AE009B4ECA /* Base */,
			);
			name = LaunchScreen.xib;
			sourceTree = "<group>";
		};
/* End PBXVariantGroup section */

/* Begin XCBuildConfiguration section */
		204249F21B4F19AF009B4ECA /* Debug */ = {
			isa = XCBuildConfiguration;
			buildSettings = {
				ALWAYS_SEARCH_USER_PATHS = NO;
				CLANG_CXX_LANGUAGE_STANDARD = "gnu++0x";
				CLANG_CXX_LIBRARY = "libc++";
				CLANG_ENABLE_MODULES = YES;
				CLANG_ENABLE_OBJC_ARC = YES;
				CLANG_WARN_BOOL_CONVERSION = YES;
				CLANG_WARN_CONSTANT_CONVERSION = YES;
				CLANG_WARN_DIRECT_OBJC_ISA_USAGE = YES_ERROR;
				CLANG_WARN_EMPTY_BODY = YES;
				CLANG_WARN_ENUM_CONVERSION = YES;
				CLANG_WARN_INT_CONVERSION = YES;
				CLANG_WARN_OBJC_ROOT_CLASS = YES_ERROR;
				CLANG_WARN_UNREACHABLE_CODE = YES;
				CLANG_WARN__DUPLICATE_METHOD_MATCH = YES;
				"CODE_SIGN_IDENTITY[sdk=iphoneos*]" = "iPhone Developer";
				COPY_PHASE_STRIP = NO;
				DEBUG_INFORMATION_FORMAT = "dwarf-with-dsym";
				ENABLE_STRICT_OBJC_MSGSEND = YES;
				GCC_C_LANGUAGE_STANDARD = gnu99;
				GCC_DYNAMIC_NO_PIC = NO;
				GCC_NO_COMMON_BLOCKS = YES;
				GCC_OPTIMIZATION_LEVEL = 0;
				GCC_PREPROCESSOR_DEFINITIONS = (
					"DEBUG=1",
					"$(inherited)",
				);
				GCC_SYMBOLS_PRIVATE_EXTERN = NO;
				GCC_WARN_64_TO_32_BIT_CONVERSION = YES;
				GCC_WARN_ABOUT_RETURN_TYPE = YES_ERROR;
				GCC_WARN_UNDECLARED_SELECTOR = YES;
				GCC_WARN_UNINITIALIZED_AUTOS = YES_AGGRESSIVE;
				GCC_WARN_UNUSED_FUNCTION = YES;
				GCC_WARN_UNUSED_VARIABLE = YES;
				IPHONEOS_DEPLOYMENT_TARGET = 8.4;
				MTL_ENABLE_DEBUG_INFO = YES;
				ONLY_ACTIVE_ARCH = YES;
				SDKROOT = iphoneos;
				SWIFT_OPTIMIZATION_LEVEL = "-Onone";
			};
			name = Debug;
		};
		204249F31B4F19AF009B4ECA /* Release */ = {
			isa = XCBuildConfiguration;
			buildSettings = {
				ALWAYS_SEARCH_USER_PATHS = NO;
				CLANG_CXX_LANGUAGE_STANDARD = "gnu++0x";
				CLANG_CXX_LIBRARY = "libc++";
				CLANG_ENABLE_MODULES = YES;
				CLANG_ENABLE_OBJC_ARC = YES;
				CLANG_WARN_BOOL_CONVERSION = YES;
				CLANG_WARN_CONSTANT_CONVERSION = YES;
				CLANG_WARN_DIRECT_OBJC_ISA_USAGE = YES_ERROR;
				CLANG_WARN_EMPTY_BODY = YES;
				CLANG_WARN_ENUM_CONVERSION = YES;
				CLANG_WARN_INT_CONVERSION = YES;
				CLANG_WARN_OBJC_ROOT_CLASS = YES_ERROR;
				CLANG_WARN_UNREACHABLE_CODE = YES;
				CLANG_WARN__DUPLICATE_METHOD_MATCH = YES;
				"CODE_SIGN_IDENTITY[sdk=iphoneos*]" = "iPhone Developer";
				COPY_PHASE_STRIP = NO;
				DEBUG_INFORMATION_FORMAT = "dwarf-with-dsym";
				ENABLE_NS_ASSERTIONS = NO;
				ENABLE_STRICT_OBJC_MSGSEND = YES;
				GCC_C_LANGUAGE_STANDARD = gnu99;
				GCC_NO_COMMON_BLOCKS = YES;
				GCC_WARN_64_TO_32_BIT_CONVERSION = YES;
				GCC_WARN_ABOUT_RETURN_TYPE = YES_ERROR;
				GCC_WARN_UNDECLARED_SELECTOR = YES;
				GCC_WARN_UNINITIALIZED_AUTOS = YES_AGGRESSIVE;
				GCC_WARN_UNUSED_FUNCTION = YES;
				GCC_WARN_UNUSED_VARIABLE = YES;
				IPHONEOS_DEPLOYMENT_TARGET = 8.4;
				MTL_ENABLE_DEBUG_INFO = NO;
				SDKROOT = iphoneos;
				VALIDATE_PRODUCT = YES;
			};
			name = Release;
		};
		204249F51B4F19AF009B4ECA /* Debug */ = {
			isa = XCBuildConfiguration;
			buildSettings = {
				ASSETCATALOG_COMPILER_APPICON_NAME = AppIcon;
				INFOPLIST_FILE = Symphonic/Info.plist;
				LD_RUNPATH_SEARCH_PATHS = "$(inherited) @executable_path/Frameworks";
				PRODUCT_NAME = "$(TARGET_NAME)";
			};
			name = Debug;
		};
		204249F61B4F19AF009B4ECA /* Release */ = {
			isa = XCBuildConfiguration;
			buildSettings = {
				ASSETCATALOG_COMPILER_APPICON_NAME = AppIcon;
				INFOPLIST_FILE = Symphonic/Info.plist;
				LD_RUNPATH_SEARCH_PATHS = "$(inherited) @executable_path/Frameworks";
				PRODUCT_NAME = "$(TARGET_NAME)";
			};
			name = Release;
		};
		204249F81B4F19AF009B4ECA /* Debug */ = {
			isa = XCBuildConfiguration;
			buildSettings = {
				BUNDLE_LOADER = "$(TEST_HOST)";
				FRAMEWORK_SEARCH_PATHS = (
					"$(SDKROOT)/Developer/Library/Frameworks",
					"$(inherited)",
				);
				GCC_PREPROCESSOR_DEFINITIONS = (
					"DEBUG=1",
					"$(inherited)",
				);
				INFOPLIST_FILE = SymphonicTests/Info.plist;
				LD_RUNPATH_SEARCH_PATHS = "$(inherited) @executable_path/Frameworks @loader_path/Frameworks";
				PRODUCT_NAME = "$(TARGET_NAME)";
				TEST_HOST = "$(BUILT_PRODUCTS_DIR)/Symphonic.app/Symphonic";
			};
			name = Debug;
		};
		204249F91B4F19AF009B4ECA /* Release */ = {
			isa = XCBuildConfiguration;
			buildSettings = {
				BUNDLE_LOADER = "$(TEST_HOST)";
				FRAMEWORK_SEARCH_PATHS = (
					"$(SDKROOT)/Developer/Library/Frameworks",
					"$(inherited)",
				);
				INFOPLIST_FILE = SymphonicTests/Info.plist;
				LD_RUNPATH_SEARCH_PATHS = "$(inherited) @executable_path/Frameworks @loader_path/Frameworks";
				PRODUCT_NAME = "$(TARGET_NAME)";
				TEST_HOST = "$(BUILT_PRODUCTS_DIR)/Symphonic.app/Symphonic";
			};
			name = Release;
		};
/* End XCBuildConfiguration section */

/* Begin XCConfigurationList section */
		204249CE1B4F19AE009B4ECA /* Build configuration list for PBXProject "Symphonic" */ = {
			isa = XCConfigurationList;
			buildConfigurations = (
				204249F21B4F19AF009B4ECA /* Debug */,
				204249F31B4F19AF009B4ECA /* Release */,
			);
			defaultConfigurationIsVisible = 0;
			defaultConfigurationName = Release;
		};
		204249F41B4F19AF009B4ECA /* Build configuration list for PBXNativeTarget "Symphonic" */ = {
			isa = XCConfigurationList;
			buildConfigurations = (
				204249F51B4F19AF009B4ECA /* Debug */,
				204249F61B4F19AF009B4ECA /* Release */,
			);
			defaultConfigurationIsVisible = 0;
			defaultConfigurationName = Release;
		};
		204249F71B4F19AF009B4ECA /* Build configuration list for PBXNativeTarget "SymphonicTests" */ = {
			isa = XCConfigurationList;
			buildConfigurations = (
				204249F81B4F19AF009B4ECA /* Debug */,
				204249F91B4F19AF009B4ECA /* Release */,
			);
			defaultConfigurationIsVisible = 0;
			defaultConfigurationName = Release;
		};
/* End XCConfigurationList section */
	};
	rootObject = 204249CB1B4F19AE009B4ECA /* Project object */;
}
